
Microsoft Visual Studio Solution File, Format Version 12.00
# Visual Studio Version 17
VisualStudioVersion = 17.13.35806.99
MinimumVisualStudioVersion = 10.0.40219.1
Project("{FAE04EC0-301F-11D3-BF4B-00C04F79EFBC}") = "HamsterStudioGUI", "HamsterStudioGUI\HamsterStudioGUI.csproj", "{CDD9356D-9D4B-4265-BE32-987D4184D0C3}"
EndProject
Project("{FAE04EC0-301F-11D3-BF4B-00C04F79EFBC}") = "HamsterStudio.Controls", "HamsterStudio.Controls\HamsterStudio.Controls.csproj", "{9A23A428-8AE2-408B-9719-3A2EB2DD48CF}"
EndProject
Project("{FAE04EC0-301F-11D3-BF4B-00C04F79EFBC}") = "ImageProcessTool", "ImageProcessTool\ImageProcessTool.csproj", "{96C5A47D-4D99-4E3E-BE1F-02316AE93BE6}"
EndProject
Project("{2150E333-8FDC-42A3-9474-1A3956D46DE8}") = "Common", "Common", "{02EA681E-C7D8-13C7-8484-4AC65E1B71E8}"
EndProject
Project("{FAE04EC0-301F-11D3-BF4B-00C04F79EFBC}") = "HamsterStudio.Toolkits", "HamsterStudio.Toolkits\HamsterStudio.Toolkits.csproj", "{580F8119-3D48-491A-A268-EAE7243B7E32}"
EndProject
Project("{FAE04EC0-301F-11D3-BF4B-00C04F79EFBC}") = "HamsterStudio.Barefoot", "HamsterStudio.Barefoot\HamsterStudio.Barefoot.csproj", "{F0547BB9-0B42-4B78-B61F-07CF91039B41}"
EndProject
Global
	GlobalSection(SolutionConfigurationPlatforms) = preSolution
		Debug|Any CPU = Debug|Any CPU
		Release|Any CPU = Release|Any CPU
	EndGlobalSection
	GlobalSection(ProjectConfigurationPlatforms) = postSolution
		{CDD9356D-9D4B-4265-BE32-987D4184D0C3}.Debug|Any CPU.ActiveCfg = Debug|Any CPU
		{CDD9356D-9D4B-4265-BE32-987D4184D0C3}.Debug|Any CPU.Build.0 = Debug|Any CPU
		{CDD9356D-9D4B-4265-BE32-987D4184D0C3}.Release|Any CPU.ActiveCfg = Release|Any CPU
		{CDD9356D-9D4B-4265-BE32-987D4184D0C3}.Release|Any CPU.Build.0 = Release|Any CPU
		{9A23A428-8AE2-408B-9719-3A2EB2DD48CF}.Debug|Any CPU.ActiveCfg = Debug|Any CPU
		{9A23A428-8AE2-408B-9719-3A2EB2DD48CF}.Debug|Any CPU.Build.0 = Debug|Any CPU
		{9A23A428-8AE2-408B-9719-3A2EB2DD48CF}.Release|Any CPU.ActiveCfg = Release|Any CPU
		{9A23A428-8AE2-408B-9719-3A2EB2DD48CF}.Release|Any CPU.Build.0 = Release|Any CPU
		{96C5A47D-4D99-4E3E-BE1F-02316AE93BE6}.Debug|Any CPU.ActiveCfg = Debug|Any CPU
		{96C5A47D-4D99-4E3E-BE1F-02316AE93BE6}.Debug|Any CPU.Build.0 = Debug|Any CPU
		{96C5A47D-4D99-4E3E-BE1F-02316AE93BE6}.Release|Any CPU.ActiveCfg = Release|Any CPU
		{96C5A47D-4D99-4E3E-BE1F-02316AE93BE6}.Release|Any CPU.Build.0 = Release|Any CPU
		{580F8119-3D48-491A-A268-EAE7243B7E32}.Debug|Any CPU.ActiveCfg = Debug|Any CPU
		{580F8119-3D48-491A-A268-EAE7243B7E32}.Debug|Any CPU.Build.0 = Debug|Any CPU
		{580F8119-3D48-491A-A268-EAE7243B7E32}.Release|Any CPU.ActiveCfg = Release|Any CPU
		{580F8119-3D48-491A-A268-EAE7243B7E32}.Release|Any CPU.Build.0 = Release|Any CPU
		{F0547BB9-0B42-4B78-B61F-07CF91039B41}.Debug|Any CPU.ActiveCfg = Debug|Any CPU
		{F0547BB9-0B42-4B78-B61F-07CF91039B41}.Debug|Any CPU.Build.0 = Debug|Any CPU
		{F0547BB9-0B42-4B78-B61F-07CF91039B41}.Release|Any CPU.ActiveCfg = Release|Any CPU
		{F0547BB9-0B42-4B78-B61F-07CF91039B41}.Release|Any CPU.Build.0 = Release|Any CPU
	EndGlobalSection
	GlobalSection(SolutionProperties) = preSolution
		HideSolutionNode = FALSE
	EndGlobalSection
	GlobalSection(NestedProjects) = preSolution
		{9A23A428-8AE2-408B-9719-3A2EB2DD48CF} = {02EA681E-C7D8-13C7-8484-4AC65E1B71E8}
		{580F8119-3D48-491A-A268-EAE7243B7E32} = {02EA681E-C7D8-13C7-8484-4AC65E1B71E8}
		{F0547BB9-0B42-4B78-B61F-07CF91039B41} = {02EA681E-C7D8-13C7-8484-4AC65E1B71E8}
	EndGlobalSection
	GlobalSection(ExtensibilityGlobals) = postSolution
		SolutionGuid = {2BEFE676-D503-4D35-A413-E099891E452B}
	EndGlobalSection
EndGlobal
