
Microsoft Visual Studio Solution File, Format Version 12.00
# Visual Studio Version 17
VisualStudioVersion = 17.13.35806.99
MinimumVisualStudioVersion = 10.0.40219.1
Project("{FAE04EC0-301F-11D3-BF4B-00C04F79EFBC}") = "HamsterStudioGUI", "HamsterStudioGUI\HamsterStudioGUI.csproj", "{CDD9356D-9D4B-4265-BE32-987D4184D0C3}"
EndProject
Project("{FAE04EC0-301F-11D3-BF4B-00C04F79EFBC}") = "HamsterStudio.Controls", "HamsterStudio.Controls\HamsterStudio.Controls.csproj", "{9A23A428-8AE2-408B-9719-3A2EB2DD48CF}"
EndProject
Project("{2150E333-8FDC-42A3-9474-1A3956D46DE8}") = "Common", "Common", "{02EA681E-C7D8-13C7-8484-4AC65E1B71E8}"
EndProject
Project("{FAE04EC0-301F-11D3-BF4B-00C04F79EFBC}") = "HamsterStudio.Toolkits", "HamsterStudio.Toolkits\HamsterStudio.Toolkits.csproj", "{580F8119-3D48-491A-A268-EAE7243B7E32}"
EndProject
Project("{FAE04EC0-301F-11D3-BF4B-00C04F79EFBC}") = "HamsterStudio.HandyUtil", "HamsterStudio.HandyUtil\HamsterStudio.HandyUtil.csproj", "{546405DA-3154-4F27-BBB6-133616A5B890}"
EndProject
Project("{FAE04EC0-301F-11D3-BF4B-00C04F79EFBC}") = "HamsterStudio.Barefeet", "HamsterStudio.Barefeet\HamsterStudio.Barefeet.csproj", "{6BC521F1-E1F8-419E-BBFD-67058481DA22}"
EndProject
Project("{FAE04EC0-301F-11D3-BF4B-00C04F79EFBC}") = "HamsterStudio.Web", "HamsterStudio.Web\HamsterStudio.Web.csproj", "{CD16D444-8CEE-433C-89FD-203C3A830F0E}"
EndProject
Project("{FAE04EC0-301F-11D3-BF4B-00C04F79EFBC}") = "ConsoleApp", "ConsoleApp\ConsoleApp.csproj", "{217F6391-AB15-40AD-A442-5497518CC5D7}"
EndProject
Project("{2150E333-8FDC-42A3-9474-1A3956D46DE8}") = "Apps", "Apps", "{85879EA5-7D16-4A63-B0E8-76A6308EDA32}"
EndProject
Project("{FAE04EC0-301F-11D3-BF4B-00C04F79EFBC}") = "HamsterStudio.ImageTool", "HamsterStudio.ImageTool\HamsterStudio.ImageTool.csproj", "{4D06F1E1-23FC-4F26-8067-5483A9F58082}"
EndProject
Project("{FAE04EC0-301F-11D3-BF4B-00C04F79EFBC}") = "HamsterStudio.BraveShine", "HamsterStudio.BraveShine\HamsterStudio.BraveShine.csproj", "{41B070C3-3C24-4883-9FE0-0E09C263C53F}"
EndProject
Project("{FAE04EC0-301F-11D3-BF4B-00C04F79EFBC}") = "HamsterStudioMaui", "HamsterStudioMaui\HamsterStudioMaui.csproj", "{8C61C3EF-4C45-4548-9D89-7185ADCB87C7}"
EndProject
Project("{FAE04EC0-301F-11D3-BF4B-00C04F79EFBC}") = "HamsterStudio.Gallery", "HamsterStudio.Gallery\HamsterStudio.Gallery.csproj", "{666F42E1-E702-4E0D-9E5D-30E42300A05E}"
EndProject
Project("{2150E333-8FDC-42A3-9474-1A3956D46DE8}") = "Thirty", "Thirty", "{52EB6711-5ACA-471D-896D-4146B4B91649}"
EndProject
Project("{FAE04EC0-301F-11D3-BF4B-00C04F79EFBC}") = "HandyControl_Net_GE45", "..\Github\HandyControl\src\Net_GE45\HandyControl_Net_GE45\HandyControl_Net_GE45.csproj", "{C4FE67E0-7C2B-8793-B184-87C67E92594B}"
EndProject
Project("{FAE04EC0-301F-11D3-BF4B-00C04F79EFBC}") = "HamsterStudio.RedBook", "HamsterStudio.RedBook\HamsterStudio.RedBook.csproj", "{1717C195-164D-44EC-A351-E7477F0D7F09}"
EndProject
Global
	GlobalSection(SolutionConfigurationPlatforms) = preSolution
		Debug|Any CPU = Debug|Any CPU
		Release|Any CPU = Release|Any CPU
	EndGlobalSection
	GlobalSection(ProjectConfigurationPlatforms) = postSolution
		{CDD9356D-9D4B-4265-BE32-987D4184D0C3}.Debug|Any CPU.ActiveCfg = Debug|Any CPU
		{CDD9356D-9D4B-4265-BE32-987D4184D0C3}.Debug|Any CPU.Build.0 = Debug|Any CPU
		{CDD9356D-9D4B-4265-BE32-987D4184D0C3}.Release|Any CPU.ActiveCfg = Release|Any CPU
		{CDD9356D-9D4B-4265-BE32-987D4184D0C3}.Release|Any CPU.Build.0 = Release|Any CPU
		{9A23A428-8AE2-408B-9719-3A2EB2DD48CF}.Debug|Any CPU.ActiveCfg = Debug|Any CPU
		{9A23A428-8AE2-408B-9719-3A2EB2DD48CF}.Debug|Any CPU.Build.0 = Debug|Any CPU
		{9A23A428-8AE2-408B-9719-3A2EB2DD48CF}.Release|Any CPU.ActiveCfg = Release|Any CPU
		{9A23A428-8AE2-408B-9719-3A2EB2DD48CF}.Release|Any CPU.Build.0 = Release|Any CPU
		{580F8119-3D48-491A-A268-EAE7243B7E32}.Debug|Any CPU.ActiveCfg = Debug|Any CPU
		{580F8119-3D48-491A-A268-EAE7243B7E32}.Debug|Any CPU.Build.0 = Debug|Any CPU
		{580F8119-3D48-491A-A268-EAE7243B7E32}.Release|Any CPU.ActiveCfg = Release|Any CPU
		{580F8119-3D48-491A-A268-EAE7243B7E32}.Release|Any CPU.Build.0 = Release|Any CPU
		{546405DA-3154-4F27-BBB6-133616A5B890}.Debug|Any CPU.ActiveCfg = Debug|Any CPU
		{546405DA-3154-4F27-BBB6-133616A5B890}.Debug|Any CPU.Build.0 = Debug|Any CPU
		{546405DA-3154-4F27-BBB6-133616A5B890}.Release|Any CPU.ActiveCfg = Release|Any CPU
		{546405DA-3154-4F27-BBB6-133616A5B890}.Release|Any CPU.Build.0 = Release|Any CPU
		{6BC521F1-E1F8-419E-BBFD-67058481DA22}.Debug|Any CPU.ActiveCfg = Debug|Any CPU
		{6BC521F1-E1F8-419E-BBFD-67058481DA22}.Debug|Any CPU.Build.0 = Debug|Any CPU
		{6BC521F1-E1F8-419E-BBFD-67058481DA22}.Release|Any CPU.ActiveCfg = Release|Any CPU
		{6BC521F1-E1F8-419E-BBFD-67058481DA22}.Release|Any CPU.Build.0 = Release|Any CPU
		{CD16D444-8CEE-433C-89FD-203C3A830F0E}.Debug|Any CPU.ActiveCfg = Debug|Any CPU
		{CD16D444-8CEE-433C-89FD-203C3A830F0E}.Debug|Any CPU.Build.0 = Debug|Any CPU
		{CD16D444-8CEE-433C-89FD-203C3A830F0E}.Release|Any CPU.ActiveCfg = Release|Any CPU
		{CD16D444-8CEE-433C-89FD-203C3A830F0E}.Release|Any CPU.Build.0 = Release|Any CPU
		{217F6391-AB15-40AD-A442-5497518CC5D7}.Debug|Any CPU.ActiveCfg = Debug|Any CPU
		{217F6391-AB15-40AD-A442-5497518CC5D7}.Debug|Any CPU.Build.0 = Debug|Any CPU
		{217F6391-AB15-40AD-A442-5497518CC5D7}.Release|Any CPU.ActiveCfg = Release|Any CPU
		{217F6391-AB15-40AD-A442-5497518CC5D7}.Release|Any CPU.Build.0 = Release|Any CPU
		{4D06F1E1-23FC-4F26-8067-5483A9F58082}.Debug|Any CPU.ActiveCfg = Debug|Any CPU
		{4D06F1E1-23FC-4F26-8067-5483A9F58082}.Debug|Any CPU.Build.0 = Debug|Any CPU
		{4D06F1E1-23FC-4F26-8067-5483A9F58082}.Release|Any CPU.ActiveCfg = Release|Any CPU
		{4D06F1E1-23FC-4F26-8067-5483A9F58082}.Release|Any CPU.Build.0 = Release|Any CPU
		{41B070C3-3C24-4883-9FE0-0E09C263C53F}.Debug|Any CPU.ActiveCfg = Debug|Any CPU
		{41B070C3-3C24-4883-9FE0-0E09C263C53F}.Debug|Any CPU.Build.0 = Debug|Any CPU
		{41B070C3-3C24-4883-9FE0-0E09C263C53F}.Release|Any CPU.ActiveCfg = Release|Any CPU
		{41B070C3-3C24-4883-9FE0-0E09C263C53F}.Release|Any CPU.Build.0 = Release|Any CPU
		{8C61C3EF-4C45-4548-9D89-7185ADCB87C7}.Debug|Any CPU.ActiveCfg = Debug|Any CPU
		{8C61C3EF-4C45-4548-9D89-7185ADCB87C7}.Debug|Any CPU.Build.0 = Debug|Any CPU
		{8C61C3EF-4C45-4548-9D89-7185ADCB87C7}.Debug|Any CPU.Deploy.0 = Debug|Any CPU
		{8C61C3EF-4C45-4548-9D89-7185ADCB87C7}.Release|Any CPU.ActiveCfg = Release|Any CPU
		{8C61C3EF-4C45-4548-9D89-7185ADCB87C7}.Release|Any CPU.Build.0 = Release|Any CPU
		{8C61C3EF-4C45-4548-9D89-7185ADCB87C7}.Release|Any CPU.Deploy.0 = Release|Any CPU
		{666F42E1-E702-4E0D-9E5D-30E42300A05E}.Debug|Any CPU.ActiveCfg = Debug|Any CPU
		{666F42E1-E702-4E0D-9E5D-30E42300A05E}.Debug|Any CPU.Build.0 = Debug|Any CPU
		{666F42E1-E702-4E0D-9E5D-30E42300A05E}.Release|Any CPU.ActiveCfg = Release|Any CPU
		{666F42E1-E702-4E0D-9E5D-30E42300A05E}.Release|Any CPU.Build.0 = Release|Any CPU
		{C4FE67E0-7C2B-8793-B184-87C67E92594B}.Debug|Any CPU.ActiveCfg = Debug|Any CPU
		{C4FE67E0-7C2B-8793-B184-87C67E92594B}.Debug|Any CPU.Build.0 = Debug|Any CPU
		{C4FE67E0-7C2B-8793-B184-87C67E92594B}.Release|Any CPU.ActiveCfg = Release|Any CPU
		{C4FE67E0-7C2B-8793-B184-87C67E92594B}.Release|Any CPU.Build.0 = Release|Any CPU
		{1717C195-164D-44EC-A351-E7477F0D7F09}.Debug|Any CPU.ActiveCfg = Debug|Any CPU
		{1717C195-164D-44EC-A351-E7477F0D7F09}.Debug|Any CPU.Build.0 = Debug|Any CPU
		{1717C195-164D-44EC-A351-E7477F0D7F09}.Release|Any CPU.ActiveCfg = Release|Any CPU
		{1717C195-164D-44EC-A351-E7477F0D7F09}.Release|Any CPU.Build.0 = Release|Any CPU
	EndGlobalSection
	GlobalSection(SolutionProperties) = preSolution
		HideSolutionNode = FALSE
	EndGlobalSection
	GlobalSection(NestedProjects) = preSolution
		{9A23A428-8AE2-408B-9719-3A2EB2DD48CF} = {02EA681E-C7D8-13C7-8484-4AC65E1B71E8}
		{580F8119-3D48-491A-A268-EAE7243B7E32} = {02EA681E-C7D8-13C7-8484-4AC65E1B71E8}
		{546405DA-3154-4F27-BBB6-133616A5B890} = {02EA681E-C7D8-13C7-8484-4AC65E1B71E8}
		{6BC521F1-E1F8-419E-BBFD-67058481DA22} = {02EA681E-C7D8-13C7-8484-4AC65E1B71E8}
		{CD16D444-8CEE-433C-89FD-203C3A830F0E} = {02EA681E-C7D8-13C7-8484-4AC65E1B71E8}
		{4D06F1E1-23FC-4F26-8067-5483A9F58082} = {85879EA5-7D16-4A63-B0E8-76A6308EDA32}
		{41B070C3-3C24-4883-9FE0-0E09C263C53F} = {85879EA5-7D16-4A63-B0E8-76A6308EDA32}
		{666F42E1-E702-4E0D-9E5D-30E42300A05E} = {85879EA5-7D16-4A63-B0E8-76A6308EDA32}
		{C4FE67E0-7C2B-8793-B184-87C67E92594B} = {52EB6711-5ACA-471D-896D-4146B4B91649}
		{1717C195-164D-44EC-A351-E7477F0D7F09} = {85879EA5-7D16-4A63-B0E8-76A6308EDA32}
	EndGlobalSection
	GlobalSection(ExtensibilityGlobals) = postSolution
		SolutionGuid = {2BEFE676-D503-4D35-A413-E099891E452B}
	EndGlobalSection
	GlobalSection(SharedMSBuildProjectFiles) = preSolution
		..\Github\HandyControl\src\Shared\HandyControl_Shared\HandyControl_Shared.projitems*{c4fe67e0-7c2b-8793-b184-87c67e92594b}*SharedItemsImports = 5
		..\Github\HandyControl\src\Shared\Microsoft.Expression.Drawing\Microsoft.Expression.Drawing.projitems*{c4fe67e0-7c2b-8793-b184-87c67e92594b}*SharedItemsImports = 5
		..\Github\HandyControl\src\Shared\Microsoft.Expression.Interactions\Microsoft.Expression.Interactions.projitems*{c4fe67e0-7c2b-8793-b184-87c67e92594b}*SharedItemsImports = 5
		..\Github\HandyControl\src\Shared\System.Windows.Interactivity\System.Windows.Interactivity.projitems*{c4fe67e0-7c2b-8793-b184-87c67e92594b}*SharedItemsImports = 5
	EndGlobalSection
EndGlobal
