<?xml version="1.0" encoding="utf-8"?>
<Project ToolsVersion="4.0" xmlns="http://schemas.microsoft.com/developer/msbuild/2003">
  <ItemGroup>
    <Filter Include="源文件">
      <UniqueIdentifier>{4FC737F1-C7A5-4376-A066-2A32D752A2FF}</UniqueIdentifier>
      <Extensions>cpp;c;cc;cxx;c++;cppm;ixx;def;odl;idl;hpj;bat;asm;asmx</Extensions>
    </Filter>
    <Filter Include="头文件">
      <UniqueIdentifier>{93995380-89BD-4b04-88EB-625FBE52EBFB}</UniqueIdentifier>
      <Extensions>h;hh;hpp;hxx;h++;hm;inl;inc;ipp;xsd</Extensions>
    </Filter>
    <Filter Include="资源文件">
      <UniqueIdentifier>{67DA6AB6-F800-4c08-8B7A-83BB121AAD01}</UniqueIdentifier>
      <Extensions>rc;ico;cur;bmp;dlg;rc2;rct;bin;rgs;gif;jpg;jpeg;jpe;resx;tiff;tif;png;wav;mfcribbon-ms</Extensions>
    </Filter>
  </ItemGroup>
  <ItemGroup>
    <ClInclude Include="Image\ImageSlider.h">
      <Filter>头文件</Filter>
    </ClInclude>
    <ClInclude Include="Algorithm\Hash\hash.hpp">
      <Filter>头文件</Filter>
    </ClInclude>
    <ClInclude Include="Algorithm\Array.hpp">
      <Filter>头文件</Filter>
    </ClInclude>
    <ClInclude Include="Algorithm\Fibonacci.hpp">
      <Filter>头文件</Filter>
    </ClInclude>
    <ClInclude Include="Algorithm\Search.hpp">
      <Filter>头文件</Filter>
    </ClInclude>
    <ClInclude Include="Tools\Event.hpp">
      <Filter>头文件</Filter>
    </ClInclude>
    <ClInclude Include="Tools\Print.hpp">
      <Filter>头文件</Filter>
    </ClInclude>
    <ClInclude Include="Tools\StopWatch.hpp">
      <Filter>头文件</Filter>
    </ClInclude>
    <ClInclude Include="Tools\WatchDog.hpp">
      <Filter>头文件</Filter>
    </ClInclude>
    <ClInclude Include="Image\Effects\BlackSoftEffect.hpp">
      <Filter>头文件</Filter>
    </ClInclude>
    <ClInclude Include="Image\Effects\Effects.hpp">
      <Filter>头文件</Filter>
    </ClInclude>
    <ClInclude Include="Image\PixelData\PixelData.h">
      <Filter>头文件</Filter>
    </ClInclude>
    <ClInclude Include="Image\PixelData\PixelDataProcessor.h">
      <Filter>头文件</Filter>
    </ClInclude>
    <ClInclude Include="Image\PixelData\PopularColors.hpp">
      <Filter>头文件</Filter>
    </ClInclude>
    <ClInclude Include="Image\Tools\GradientFiller.h">
      <Filter>头文件</Filter>
    </ClInclude>
    <ClInclude Include="Image\Tools\LayoutHelper.h">
      <Filter>头文件</Filter>
    </ClInclude>
    <ClInclude Include="Image\ImageEditor.h">
      <Filter>头文件</Filter>
    </ClInclude>
    <ClInclude Include="Image\ImageProcessor.h">
      <Filter>头文件</Filter>
    </ClInclude>
    <ClInclude Include="Image\ImageStitcher.h">
      <Filter>头文件</Filter>
    </ClInclude>
    <ClInclude Include="Tools\Screenshot.h">
      <Filter>头文件</Filter>
    </ClInclude>
    <ClInclude Include="Windows\Control.h">
      <Filter>头文件</Filter>
    </ClInclude>
    <ClInclude Include="Windows\Drawing.h">
      <Filter>头文件</Filter>
    </ClInclude>
    <ClInclude Include="Windows\Platform.h">
      <Filter>头文件</Filter>
    </ClInclude>
    <ClInclude Include="Windows\Win32Utils.h">
      <Filter>头文件</Filter>
    </ClInclude>
    <ClInclude Include="Windows\ShellApi.h">
      <Filter>头文件</Filter>
    </ClInclude>
    <ClInclude Include="Windows\Application.h">
      <Filter>头文件</Filter>
    </ClInclude>
    <ClInclude Include="Tools\HtmlDocument.hpp">
      <Filter>头文件</Filter>
    </ClInclude>
    <ClInclude Include="Tools\Diagnostics.h">
      <Filter>头文件</Filter>
    </ClInclude>
    <ClInclude Include="Algorithm\Hash\Base64.h">
      <Filter>头文件</Filter>
    </ClInclude>
    <ClInclude Include="Algorithm\Hash\MD5.h">
      <Filter>头文件</Filter>
    </ClInclude>
    <ClInclude Include="Algorithm\Math.h">
      <Filter>头文件</Filter>
    </ClInclude>
    <ClInclude Include="Algorithm\Sort.h">
      <Filter>头文件</Filter>
    </ClInclude>
    <ClInclude Include="Tools\Semaphore.hpp">
      <Filter>头文件</Filter>
    </ClInclude>
    <ClInclude Include="Tools\CmdLineArgsParser.h">
      <Filter>头文件</Filter>
    </ClInclude>
    <ClInclude Include="Tools\StringUtils.h">
      <Filter>头文件</Filter>
    </ClInclude>
    <ClInclude Include="Tools\Keygen.h">
      <Filter>头文件</Filter>
    </ClInclude>
    <ClInclude Include="Tools\BigInteger.h">
      <Filter>头文件</Filter>
    </ClInclude>
    <ClInclude Include="Windows\Tools\GdiplusEnv.h">
      <Filter>头文件</Filter>
    </ClInclude>
    <ClInclude Include="Windows\Tools\WindowComposition.h">
      <Filter>头文件</Filter>
    </ClInclude>
    <ClInclude Include="Windows\Tools\TaskbarCtrl.h">
      <Filter>头文件</Filter>
    </ClInclude>
    <ClInclude Include="Windows\Window.h">
      <Filter>头文件</Filter>
    </ClInclude>
  </ItemGroup>
  <ItemGroup>
    <ClCompile Include="Image\ImageStitcher.cpp">
      <Filter>源文件</Filter>
    </ClCompile>
    <ClCompile Include="Image\PixelData\PixelData.cpp">
      <Filter>源文件</Filter>
    </ClCompile>
    <ClCompile Include="Image\PixelData\PixelDataProcessor.cpp">
      <Filter>源文件</Filter>
    </ClCompile>
    <ClCompile Include="Image\Tools\GradientFiller.cpp">
      <Filter>源文件</Filter>
    </ClCompile>
    <ClCompile Include="Image\Tools\LayoutHelper.cpp">
      <Filter>源文件</Filter>
    </ClCompile>
    <ClCompile Include="Image\ImageEditor.cpp">
      <Filter>源文件</Filter>
    </ClCompile>
    <ClCompile Include="Image\ImageProcessor.cpp">
      <Filter>源文件</Filter>
    </ClCompile>
    <ClCompile Include="Image\ImageSlider.cpp">
      <Filter>源文件</Filter>
    </ClCompile>
    <ClCompile Include="Tools\Screenshot.cpp">
      <Filter>源文件</Filter>
    </ClCompile>
    <ClCompile Include="Windows\Platform.cpp">
      <Filter>源文件</Filter>
    </ClCompile>
    <ClCompile Include="Windows\Win32Utils.cpp">
      <Filter>源文件</Filter>
    </ClCompile>
    <ClCompile Include="dllmain.cpp">
      <Filter>源文件</Filter>
    </ClCompile>
    <ClCompile Include="Tools\Diagnostics.cpp">
      <Filter>源文件</Filter>
    </ClCompile>
    <ClCompile Include="Algorithm\Hash\Base64.cpp">
      <Filter>源文件</Filter>
    </ClCompile>
    <ClCompile Include="Algorithm\Hash\MD5.cpp">
      <Filter>源文件</Filter>
    </ClCompile>
    <ClCompile Include="Algorithm\Math.cpp">
      <Filter>源文件</Filter>
    </ClCompile>
    <ClCompile Include="Algorithm\Sort.cpp">
      <Filter>源文件</Filter>
    </ClCompile>
    <ClCompile Include="Tools\CmdLineArgsParser.cpp">
      <Filter>源文件</Filter>
    </ClCompile>
    <ClCompile Include="Tools\StringUtils.cpp">
      <Filter>源文件</Filter>
    </ClCompile>
    <ClCompile Include="Tools\Keygen.cpp">
      <Filter>源文件</Filter>
    </ClCompile>
    <ClCompile Include="Tools\BigInteger.cpp">
      <Filter>源文件</Filter>
    </ClCompile>
    <ClCompile Include="Windows\Tools\GdiplusEnv.cpp">
      <Filter>源文件</Filter>
    </ClCompile>
    <ClCompile Include="Windows\Tools\WindowComposition.cpp">
      <Filter>源文件</Filter>
    </ClCompile>
    <ClCompile Include="Windows\Tools\TaskbarCtrl.cpp">
      <Filter>源文件</Filter>
    </ClCompile>
    <ClCompile Include="Windows\Application.cpp">
      <Filter>源文件</Filter>
    </ClCompile>
    <ClCompile Include="Windows\Window.cpp">
      <Filter>源文件</Filter>
    </ClCompile>
  </ItemGroup>
</Project>